
Microsoft Visual Studio Solution File, Format Version 12.00
# Visual Studio 14
VisualStudioVersion = 14.0.25420.1
MinimumVisualStudioVersion = 10.0.40219.1
Project("{FAE04EC0-301F-11D3-BF4B-00C04F79EFBC}") = "ContentScanner", "ContentScanner\ContentScanner.csproj", "{17AFD722-D84C-4C8C-99E5-4EFBA7599C8A}"
EndProject
Project("{2150E333-8FDC-42A3-9474-1A3956D46DE8}") = "Solution Items", "Solution Items", "{E7321556-B6D3-492B-BD24-2FAE5C2A6CB7}"
EndProject
Global
	GlobalSection(Performance) = preSolution
		HasPerformanceSessions = true
	EndGlobalSection
	GlobalSection(SolutionConfigurationPlatforms) = preSolution
		Debug|Any CPU = Debug|Any CPU
		Release|Any CPU = Release|Any CPU
	EndGlobalSection
	GlobalSection(ProjectConfigurationPlatforms) = postSolution
		{17AFD722-D84C-4C8C-99E5-4EFBA7599C8A}.Debug|Any CPU.ActiveCfg = Debug|Any CPU
		{17AFD722-D84C-4C8C-99E5-4EFBA7599C8A}.Debug|Any CPU.Build.0 = Debug|Any CPU
		{17AFD722-D84C-4C8C-99E5-4EFBA7599C8A}.Release|Any CPU.ActiveCfg = Release|Any CPU
		{17AFD722-D84C-4C8C-99E5-4EFBA7599C8A}.Release|Any CPU.Build.0 = Release|Any CPU
	EndGlobalSection
	GlobalSection(SolutionProperties) = preSolution
		HideSolutionNode = FALSE
	EndGlobalSection
EndGlobal
